
Microsoft Visual Studio Solution File, Format Version 12.00
# Visual Studio Version 17
VisualStudioVersion = 17.5.33516.290
MinimumVisualStudioVersion = 10.0.40219.1
Project("{FAE04EC0-301F-11D3-BF4B-00C04F79EFBC}") = "Agenda_Lucas.Android", "Agenda_Lucas\Agenda_Lucas.Android\Agenda_Lucas.Android.csproj", "{94759A95-A4A7-4969-9BCF-74FA77596898}"
EndProject
Project("{9A19103F-16F7-4668-BE54-9A1E7A4F7556}") = "Agenda_Lucas", "Agenda_Lucas\Agenda_Lucas\Agenda_Lucas.csproj", "{E43A34FF-1612-4B2B-B6A1-9EC3BA34EE6B}"
EndProject
Global
	GlobalSection(SolutionConfigurationPlatforms) = preSolution
		Debug|Any CPU = Debug|Any CPU
		Release|Any CPU = Release|Any CPU
	EndGlobalSection
	GlobalSection(ProjectConfigurationPlatforms) = postSolution
		{94759A95-A4A7-4969-9BCF-74FA77596898}.Debug|Any CPU.ActiveCfg = Debug|Any CPU
		{94759A95-A4A7-4969-9BCF-74FA77596898}.Debug|Any CPU.Build.0 = Debug|Any CPU
		{94759A95-A4A7-4969-9BCF-74FA77596898}.Debug|Any CPU.Deploy.0 = Debug|Any CPU
		{94759A95-A4A7-4969-9BCF-74FA77596898}.Release|Any CPU.ActiveCfg = Release|Any CPU
		{94759A95-A4A7-4969-9BCF-74FA77596898}.Release|Any CPU.Build.0 = Release|Any CPU
		{94759A95-A4A7-4969-9BCF-74FA77596898}.Release|Any CPU.Deploy.0 = Release|Any CPU
		{E43A34FF-1612-4B2B-B6A1-9EC3BA34EE6B}.Debug|Any CPU.ActiveCfg = Debug|Any CPU
		{E43A34FF-1612-4B2B-B6A1-9EC3BA34EE6B}.Debug|Any CPU.Build.0 = Debug|Any CPU
		{E43A34FF-1612-4B2B-B6A1-9EC3BA34EE6B}.Debug|Any CPU.Deploy.0 = Debug|Any CPU
		{E43A34FF-1612-4B2B-B6A1-9EC3BA34EE6B}.Release|Any CPU.ActiveCfg = Release|Any CPU
		{E43A34FF-1612-4B2B-B6A1-9EC3BA34EE6B}.Release|Any CPU.Build.0 = Release|Any CPU
		{E43A34FF-1612-4B2B-B6A1-9EC3BA34EE6B}.Release|Any CPU.Deploy.0 = Release|Any CPU
	EndGlobalSection
	GlobalSection(SolutionProperties) = preSolution
		HideSolutionNode = FALSE
	EndGlobalSection
	GlobalSection(ExtensibilityGlobals) = postSolution
		SolutionGuid = {2D49DE97-5C1B-4F14-9A52-46B1CED5781B}
	EndGlobalSection
EndGlobal
